
Microsoft Visual Studio Solution File, Format Version 12.00
# Visual Studio Version 17
VisualStudioVersion = 17.7.34221.43
MinimumVisualStudioVersion = 10.0.40219.1
Project("{FAE04EC0-301F-11D3-BF4B-00C04F79EFBC}") = "ImageFiltrator", "ImageFiltrator.csproj", "{0B02399B-C17A-4277-9E27-563F3BC57CB3}"
EndProject
Global
	GlobalSection(SolutionConfigurationPlatforms) = preSolution
		Debug|Any CPU = Debug|Any CPU
		Release|Any CPU = Release|Any CPU
	EndGlobalSection
	GlobalSection(ProjectConfigurationPlatforms) = postSolution
		{0B02399B-C17A-4277-9E27-563F3BC57CB3}.Debug|Any CPU.ActiveCfg = Debug|Any CPU
		{0B02399B-C17A-4277-9E27-563F3BC57CB3}.Debug|Any CPU.Build.0 = Debug|Any CPU
		{0B02399B-C17A-4277-9E27-563F3BC57CB3}.Release|Any CPU.ActiveCfg = Release|Any CPU
		{0B02399B-C17A-4277-9E27-563F3BC57CB3}.Release|Any CPU.Build.0 = Release|Any CPU
	EndGlobalSection
	GlobalSection(SolutionProperties) = preSolution
		HideSolutionNode = FALSE
	EndGlobalSection
	GlobalSection(ExtensibilityGlobals) = postSolution
		SolutionGuid = {A7E6D772-E0E0-406A-8826-9D3074F3A567}
	EndGlobalSection
EndGlobal
